
Microsoft Visual Studio Solution File, Format Version 12.00
# Visual Studio Version 16
VisualStudioVersion = 16.0.30804.86
MinimumVisualStudioVersion = 10.0.40219.1
Project("{888888A0-9F3D-457C-B088-3A5042F75D52}") = "3 модуль", "3 модуль\3 модуль.pyproj", "{36B45C50-0597-4839-A50C-3FD967A904A2}"
EndProject
Global
	GlobalSection(SolutionConfigurationPlatforms) = preSolution
		Debug|Any CPU = Debug|Any CPU
		Release|Any CPU = Release|Any CPU
	EndGlobalSection
	GlobalSection(ProjectConfigurationPlatforms) = postSolution
		{36B45C50-0597-4839-A50C-3FD967A904A2}.Debug|Any CPU.ActiveCfg = Debug|Any CPU
		{36B45C50-0597-4839-A50C-3FD967A904A2}.Release|Any CPU.ActiveCfg = Release|Any CPU
	EndGlobalSection
	GlobalSection(SolutionProperties) = preSolution
		HideSolutionNode = FALSE
	EndGlobalSection
	GlobalSection(ExtensibilityGlobals) = postSolution
		SolutionGuid = {F79BC08B-9B97-4AE4-8D72-C5E42BEE6E96}
	EndGlobalSection
EndGlobal
